
Microsoft Visual Studio Solution File, Format Version 12.00
# Visual Studio Version 17
VisualStudioVersion = 17.11.35303.130
MinimumVisualStudioVersion = 10.0.40219.1
Project("{FAE04EC0-301F-11D3-BF4B-00C04F79EFBC}") = "BookManagerAPI", "BookManagerAPI\BookManagerAPI.csproj", "{F455A983-06D2-4697-86C2-84AF02976891}"
EndProject
Global
	GlobalSection(SolutionConfigurationPlatforms) = preSolution
		Debug|Any CPU = Debug|Any CPU
		Release|Any CPU = Release|Any CPU
	EndGlobalSection
	GlobalSection(ProjectConfigurationPlatforms) = postSolution
		{F455A983-06D2-4697-86C2-84AF02976891}.Debug|Any CPU.ActiveCfg = Debug|Any CPU
		{F455A983-06D2-4697-86C2-84AF02976891}.Debug|Any CPU.Build.0 = Debug|Any CPU
		{F455A983-06D2-4697-86C2-84AF02976891}.Release|Any CPU.ActiveCfg = Release|Any CPU
		{F455A983-06D2-4697-86C2-84AF02976891}.Release|Any CPU.Build.0 = Release|Any CPU
	EndGlobalSection
	GlobalSection(SolutionProperties) = preSolution
		HideSolutionNode = FALSE
	EndGlobalSection
	GlobalSection(ExtensibilityGlobals) = postSolution
		SolutionGuid = {27DFB701-C9E2-4010-A328-D196F1901DA0}
	EndGlobalSection
EndGlobal
